// !$*UTF8*$!
{
	archiveVersion = 1;
	classes = {
	};
	objectVersion = 46;
	objects = {

/* Begin PBXBuildFile section */
		2319E2E815CA9D9BE0DF0571 /* libPods.a in Frameworks */ = {isa = PBXBuildFile; fileRef = 1399D5D8EBBB2FA6D2D0EF39 /* libPods.a */; };
		E00C7B621B6F0976007DA072 /* GZLeftMenu.m in Sources */ = {isa = PBXBuildFile; fileRef = E00C7B611B6F0976007DA072 /* GZLeftMenu.m */; };
		E00C7B661B6F1E68007DA072 /* GZLeftMenuButton.m in Sources */ = {isa = PBXBuildFile; fileRef = E00C7B651B6F1E68007DA072 /* GZLeftMenuButton.m */; };
		E00C7B6A1B6F2075007DA072 /* UIImage+Extension.m in Sources */ = {isa = PBXBuildFile; fileRef = E00C7B691B6F2075007DA072 /* UIImage+Extension.m */; };
		E00C7B7E1B6F3B14007DA072 /* GZNavigationController.m in Sources */ = {isa = PBXBuildFile; fileRef = E00C7B761B6F3B14007DA072 /* GZNavigationController.m */; };
		E00C7B801B6F3B14007DA072 /* GZTabBarController.m in Sources */ = {isa = PBXBuildFile; fileRef = E00C7B7A1B6F3B14007DA072 /* GZTabBarController.m */; };
		E00C7B8F1B6F3C0C007DA072 /* GZHomeViewController.m in Sources */ = {isa = PBXBuildFile; fileRef = E00C7B8E1B6F3C0C007DA072 /* GZHomeViewController.m */; };
		E00C7B921B6F3C81007DA072 /* GZDiscoverViewController.m in Sources */ = {isa = PBXBuildFile; fileRef = E00C7B911B6F3C81007DA072 /* GZDiscoverViewController.m */; };
		E00C7B951B6F3C92007DA072 /* GZProfileViewController.m in Sources */ = {isa = PBXBuildFile; fileRef = E00C7B941B6F3C92007DA072 /* GZProfileViewController.m */; };
		E00C7B981B6F3CAB007DA072 /* GZMessageViewController.m in Sources */ = {isa = PBXBuildFile; fileRef = E00C7B971B6F3CAB007DA072 /* GZMessageViewController.m */; };
		E00C7BE91B6F6429007DA072 /* GZOAuthViewController.m in Sources */ = {isa = PBXBuildFile; fileRef = E00C7BE81B6F6429007DA072 /* GZOAuthViewController.m */; };
		E00C7BEC1B6F647B007DA072 /* GZHttpTool.m in Sources */ = {isa = PBXBuildFile; fileRef = E00C7BEB1B6F647B007DA072 /* GZHttpTool.m */; };
		E049389A1B61FF5B0039F3F6 /* Images.xcassets in Resources */ = {isa = PBXBuildFile; fileRef = E04938991B61FF5B0039F3F6 /* Images.xcassets */; };
		E04938A91B61FF5B0039F3F6 /* BeggarTests.m in Sources */ = {isa = PBXBuildFile; fileRef = E04938A81B61FF5B0039F3F6 /* BeggarTests.m */; };
		E09CB7261B6EF5BF00D6769F /* AppDelegate.m in Sources */ = {isa = PBXBuildFile; fileRef = E09CB7121B6EF5BF00D6769F /* AppDelegate.m */; };
		E09CB7271B6EF5BF00D6769F /* main.m in Sources */ = {isa = PBXBuildFile; fileRef = E09CB7131B6EF5BF00D6769F /* main.m */; };
		E09CB7351B6EFC2700D6769F /* Foundation+Log.m in Sources */ = {isa = PBXBuildFile; fileRef = E09CB7281B6EFC2700D6769F /* Foundation+Log.m */; };
		E09CB7361B6EFC2700D6769F /* NSDate+Extension.m in Sources */ = {isa = PBXBuildFile; fileRef = E09CB72A1B6EFC2700D6769F /* NSDate+Extension.m */; };
		E09CB7371B6EFC2700D6769F /* NSString+Extension.m in Sources */ = {isa = PBXBuildFile; fileRef = E09CB72C1B6EFC2700D6769F /* NSString+Extension.m */; };
		E09CB7381B6EFC2700D6769F /* UIBarButtonItem+extension.m in Sources */ = {isa = PBXBuildFile; fileRef = E09CB72E1B6EFC2700D6769F /* UIBarButtonItem+extension.m */; };
		E09CB7391B6EFC2700D6769F /* UITextView+Extension.m in Sources */ = {isa = PBXBuildFile; fileRef = E09CB7301B6EFC2700D6769F /* UITextView+Extension.m */; };
		E09CB73A1B6EFC2700D6769F /* UIView+extension.m in Sources */ = {isa = PBXBuildFile; fileRef = E09CB7321B6EFC2700D6769F /* UIView+extension.m */; };
		E09CB73B1B6EFC2700D6769F /* UIWindow+Extension.m in Sources */ = {isa = PBXBuildFile; fileRef = E09CB7341B6EFC2700D6769F /* UIWindow+Extension.m */; };
		E0D419901B6FCD160062198A /* AFHTTPClient.m in Sources */ = {isa = PBXBuildFile; fileRef = E0D4197E1B6FCD160062198A /* AFHTTPClient.m */; };
		E0D419911B6FCD160062198A /* AFHTTPRequestOperation.m in Sources */ = {isa = PBXBuildFile; fileRef = E0D419801B6FCD160062198A /* AFHTTPRequestOperation.m */; };
		E0D419921B6FCD160062198A /* AFImageRequestOperation.m in Sources */ = {isa = PBXBuildFile; fileRef = E0D419821B6FCD160062198A /* AFImageRequestOperation.m */; };
		E0D419931B6FCD160062198A /* AFJSONRequestOperation.m in Sources */ = {isa = PBXBuildFile; fileRef = E0D419841B6FCD160062198A /* AFJSONRequestOperation.m */; };
		E0D419941B6FCD160062198A /* AFNetworkActivityIndicatorManager.m in Sources */ = {isa = PBXBuildFile; fileRef = E0D419861B6FCD160062198A /* AFNetworkActivityIndicatorManager.m */; };
		E0D419951B6FCD160062198A /* AFPropertyListRequestOperation.m in Sources */ = {isa = PBXBuildFile; fileRef = E0D419891B6FCD160062198A /* AFPropertyListRequestOperation.m */; };
		E0D419961B6FCD160062198A /* AFURLConnectionOperation.m in Sources */ = {isa = PBXBuildFile; fileRef = E0D4198B1B6FCD160062198A /* AFURLConnectionOperation.m */; };
		E0D419971B6FCD160062198A /* AFXMLRequestOperation.m in Sources */ = {isa = PBXBuildFile; fileRef = E0D4198D1B6FCD160062198A /* AFXMLRequestOperation.m */; };
		E0D419981B6FCD160062198A /* UIImageView+AFNetworking.m in Sources */ = {isa = PBXBuildFile; fileRef = E0D4198F1B6FCD160062198A /* UIImageView+AFNetworking.m */; };
		E0D4199C1B6FCD260062198A /* AFOAuth1Client.m in Sources */ = {isa = PBXBuildFile; fileRef = E0D4199B1B6FCD260062198A /* AFOAuth1Client.m */; };
/* End PBXBuildFile section */

/* Begin PBXContainerItemProxy section */
		E04938A31B61FF5B0039F3F6 /* PBXContainerItemProxy */ = {
			isa = PBXContainerItemProxy;
			containerPortal = E04938811B61FF5B0039F3F6 /* Project object */;
			proxyType = 1;
			remoteGlobalIDString = E04938881B61FF5B0039F3F6;
			remoteInfo = Beggar;
		};
/* End PBXContainerItemProxy section */

/* Begin PBXFileReference section */
		1399D5D8EBBB2FA6D2D0EF39 /* libPods.a */ = {isa = PBXFileReference; explicitFileType = archive.ar; includeInIndex = 0; path = libPods.a; sourceTree = BUILT_PRODUCTS_DIR; };
		8B29FED52900203E80E63253 /* Pods.release.xcconfig */ = {isa = PBXFileReference; includeInIndex = 1; lastKnownFileType = text.xcconfig; name = Pods.release.xcconfig; path = "Pods/Target Support Files/Pods/Pods.release.xcconfig"; sourceTree = "<group>"; };
		E00C7B601B6F0976007DA072 /* GZLeftMenu.h */ = {isa = PBXFileReference; fileEncoding = 4; lastKnownFileType = sourcecode.c.h; path = GZLeftMenu.h; sourceTree = "<group>"; };
		E00C7B611B6F0976007DA072 /* GZLeftMenu.m */ = {isa = PBXFileReference; fileEncoding = 4; lastKnownFileType = sourcecode.c.objc; path = GZLeftMenu.m; sourceTree = "<group>"; };
		E00C7B641B6F1E68007DA072 /* GZLeftMenuButton.h */ = {isa = PBXFileReference; fileEncoding = 4; lastKnownFileType = sourcecode.c.h; path = GZLeftMenuButton.h; sourceTree = "<group>"; };
		E00C7B651B6F1E68007DA072 /* GZLeftMenuButton.m */ = {isa = PBXFileReference; fileEncoding = 4; lastKnownFileType = sourcecode.c.objc; path = GZLeftMenuButton.m; sourceTree = "<group>"; };
		E00C7B681B6F2075007DA072 /* UIImage+Extension.h */ = {isa = PBXFileReference; fileEncoding = 4; lastKnownFileType = sourcecode.c.h; path = "UIImage+Extension.h"; sourceTree = "<group>"; };
		E00C7B691B6F2075007DA072 /* UIImage+Extension.m */ = {isa = PBXFileReference; fileEncoding = 4; lastKnownFileType = sourcecode.c.objc; path = "UIImage+Extension.m"; sourceTree = "<group>"; };
		E00C7B751B6F3B14007DA072 /* GZNavigationController.h */ = {isa = PBXFileReference; fileEncoding = 4; lastKnownFileType = sourcecode.c.h; path = GZNavigationController.h; sourceTree = "<group>"; };
		E00C7B761B6F3B14007DA072 /* GZNavigationController.m */ = {isa = PBXFileReference; fileEncoding = 4; lastKnownFileType = sourcecode.c.objc; path = GZNavigationController.m; sourceTree = "<group>"; };
		E00C7B791B6F3B14007DA072 /* GZTabBarController.h */ = {isa = PBXFileReference; fileEncoding = 4; lastKnownFileType = sourcecode.c.h; path = GZTabBarController.h; sourceTree = "<group>"; };
		E00C7B7A1B6F3B14007DA072 /* GZTabBarController.m */ = {isa = PBXFileReference; fileEncoding = 4; lastKnownFileType = sourcecode.c.objc; path = GZTabBarController.m; sourceTree = "<group>"; };
		E00C7B8D1B6F3C0C007DA072 /* GZHomeViewController.h */ = {isa = PBXFileReference; fileEncoding = 4; lastKnownFileType = sourcecode.c.h; path = GZHomeViewController.h; sourceTree = "<group>"; };
		E00C7B8E1B6F3C0C007DA072 /* GZHomeViewController.m */ = {isa = PBXFileReference; fileEncoding = 4; lastKnownFileType = sourcecode.c.objc; path = GZHomeViewController.m; sourceTree = "<group>"; };
		E00C7B901B6F3C81007DA072 /* GZDiscoverViewController.h */ = {isa = PBXFileReference; fileEncoding = 4; lastKnownFileType = sourcecode.c.h; path = GZDiscoverViewController.h; sourceTree = "<group>"; };
		E00C7B911B6F3C81007DA072 /* GZDiscoverViewController.m */ = {isa = PBXFileReference; fileEncoding = 4; lastKnownFileType = sourcecode.c.objc; path = GZDiscoverViewController.m; sourceTree = "<group>"; };
		E00C7B931B6F3C92007DA072 /* GZProfileViewController.h */ = {isa = PBXFileReference; fileEncoding = 4; lastKnownFileType = sourcecode.c.h; path = GZProfileViewController.h; sourceTree = "<group>"; };
		E00C7B941B6F3C92007DA072 /* GZProfileViewController.m */ = {isa = PBXFileReference; fileEncoding = 4; lastKnownFileType = sourcecode.c.objc; path = GZProfileViewController.m; sourceTree = "<group>"; };
		E00C7B961B6F3CAB007DA072 /* GZMessageViewController.h */ = {isa = PBXFileReference; fileEncoding = 4; lastKnownFileType = sourcecode.c.h; path = GZMessageViewController.h; sourceTree = "<group>"; };
		E00C7B971B6F3CAB007DA072 /* GZMessageViewController.m */ = {isa = PBXFileReference; fileEncoding = 4; lastKnownFileType = sourcecode.c.objc; path = GZMessageViewController.m; sourceTree = "<group>"; };
		E00C7BE71B6F6429007DA072 /* GZOAuthViewController.h */ = {isa = PBXFileReference; fileEncoding = 4; lastKnownFileType = sourcecode.c.h; path = GZOAuthViewController.h; sourceTree = "<group>"; };
		E00C7BE81B6F6429007DA072 /* GZOAuthViewController.m */ = {isa = PBXFileReference; fileEncoding = 4; lastKnownFileType = sourcecode.c.objc; path = GZOAuthViewController.m; sourceTree = "<group>"; };
		E00C7BEA1B6F647B007DA072 /* GZHttpTool.h */ = {isa = PBXFileReference; fileEncoding = 4; lastKnownFileType = sourcecode.c.h; path = GZHttpTool.h; sourceTree = "<group>"; };
		E00C7BEB1B6F647B007DA072 /* GZHttpTool.m */ = {isa = PBXFileReference; fileEncoding = 4; lastKnownFileType = sourcecode.c.objc; path = GZHttpTool.m; sourceTree = "<group>"; };
		E04938891B61FF5B0039F3F6 /* Beggar.app */ = {isa = PBXFileReference; explicitFileType = wrapper.application; includeInIndex = 0; path = Beggar.app; sourceTree = BUILT_PRODUCTS_DIR; };
		E049388D1B61FF5B0039F3F6 /* Info.plist */ = {isa = PBXFileReference; lastKnownFileType = text.plist.xml; path = Info.plist; sourceTree = "<group>"; };
		E04938991B61FF5B0039F3F6 /* Images.xcassets */ = {isa = PBXFileReference; lastKnownFileType = folder.assetcatalog; path = Images.xcassets; sourceTree = "<group>"; };
		E04938A21B61FF5B0039F3F6 /* BeggarTests.xctest */ = {isa = PBXFileReference; explicitFileType = wrapper.cfbundle; includeInIndex = 0; path = BeggarTests.xctest; sourceTree = BUILT_PRODUCTS_DIR; };
		E04938A71B61FF5B0039F3F6 /* Info.plist */ = {isa = PBXFileReference; lastKnownFileType = text.plist.xml; path = Info.plist; sourceTree = "<group>"; };
		E04938A81B61FF5B0039F3F6 /* BeggarTests.m */ = {isa = PBXFileReference; lastKnownFileType = sourcecode.c.objc; path = BeggarTests.m; sourceTree = "<group>"; };
		E09CB7111B6EF5BF00D6769F /* AppDelegate.h */ = {isa = PBXFileReference; fileEncoding = 4; lastKnownFileType = sourcecode.c.h; path = AppDelegate.h; sourceTree = "<group>"; };
		E09CB7121B6EF5BF00D6769F /* AppDelegate.m */ = {isa = PBXFileReference; fileEncoding = 4; lastKnownFileType = sourcecode.c.objc; path = AppDelegate.m; sourceTree = "<group>"; };
		E09CB7131B6EF5BF00D6769F /* main.m */ = {isa = PBXFileReference; fileEncoding = 4; lastKnownFileType = sourcecode.c.objc; path = main.m; sourceTree = "<group>"; };
		E09CB7281B6EFC2700D6769F /* Foundation+Log.m */ = {isa = PBXFileReference; fileEncoding = 4; lastKnownFileType = sourcecode.c.objc; path = "Foundation+Log.m"; sourceTree = "<group>"; };
		E09CB7291B6EFC2700D6769F /* NSDate+Extension.h */ = {isa = PBXFileReference; fileEncoding = 4; lastKnownFileType = sourcecode.c.h; path = "NSDate+Extension.h"; sourceTree = "<group>"; };
		E09CB72A1B6EFC2700D6769F /* NSDate+Extension.m */ = {isa = PBXFileReference; fileEncoding = 4; lastKnownFileType = sourcecode.c.objc; path = "NSDate+Extension.m"; sourceTree = "<group>"; };
		E09CB72B1B6EFC2700D6769F /* NSString+Extension.h */ = {isa = PBXFileReference; fileEncoding = 4; lastKnownFileType = sourcecode.c.h; path = "NSString+Extension.h"; sourceTree = "<group>"; };
		E09CB72C1B6EFC2700D6769F /* NSString+Extension.m */ = {isa = PBXFileReference; fileEncoding = 4; lastKnownFileType = sourcecode.c.objc; path = "NSString+Extension.m"; sourceTree = "<group>"; };
		E09CB72D1B6EFC2700D6769F /* UIBarButtonItem+extension.h */ = {isa = PBXFileReference; fileEncoding = 4; lastKnownFileType = sourcecode.c.h; path = "UIBarButtonItem+extension.h"; sourceTree = "<group>"; };
		E09CB72E1B6EFC2700D6769F /* UIBarButtonItem+extension.m */ = {isa = PBXFileReference; fileEncoding = 4; lastKnownFileType = sourcecode.c.objc; path = "UIBarButtonItem+extension.m"; sourceTree = "<group>"; };
		E09CB72F1B6EFC2700D6769F /* UITextView+Extension.h */ = {isa = PBXFileReference; fileEncoding = 4; lastKnownFileType = sourcecode.c.h; path = "UITextView+Extension.h"; sourceTree = "<group>"; };
		E09CB7301B6EFC2700D6769F /* UITextView+Extension.m */ = {isa = PBXFileReference; fileEncoding = 4; lastKnownFileType = sourcecode.c.objc; path = "UITextView+Extension.m"; sourceTree = "<group>"; };
		E09CB7311B6EFC2700D6769F /* UIView+extension.h */ = {isa = PBXFileReference; fileEncoding = 4; lastKnownFileType = sourcecode.c.h; path = "UIView+extension.h"; sourceTree = "<group>"; };
		E09CB7321B6EFC2700D6769F /* UIView+extension.m */ = {isa = PBXFileReference; fileEncoding = 4; lastKnownFileType = sourcecode.c.objc; path = "UIView+extension.m"; sourceTree = "<group>"; };
		E09CB7331B6EFC2700D6769F /* UIWindow+Extension.h */ = {isa = PBXFileReference; fileEncoding = 4; lastKnownFileType = sourcecode.c.h; path = "UIWindow+Extension.h"; sourceTree = "<group>"; };
		E09CB7341B6EFC2700D6769F /* UIWindow+Extension.m */ = {isa = PBXFileReference; fileEncoding = 4; lastKnownFileType = sourcecode.c.objc; path = "UIWindow+Extension.m"; sourceTree = "<group>"; };
		E09CB73C1B6EFC6500D6769F /* PrefixHeader.pch */ = {isa = PBXFileReference; lastKnownFileType = sourcecode.c.h; path = PrefixHeader.pch; sourceTree = "<group>"; };
		E0D4197D1B6FCD160062198A /* AFHTTPClient.h */ = {isa = PBXFileReference; fileEncoding = 4; lastKnownFileType = sourcecode.c.h; path = AFHTTPClient.h; sourceTree = "<group>"; };
		E0D4197E1B6FCD160062198A /* AFHTTPClient.m */ = {isa = PBXFileReference; fileEncoding = 4; lastKnownFileType = sourcecode.c.objc; path = AFHTTPClient.m; sourceTree = "<group>"; };
		E0D4197F1B6FCD160062198A /* AFHTTPRequestOperation.h */ = {isa = PBXFileReference; fileEncoding = 4; lastKnownFileType = sourcecode.c.h; path = AFHTTPRequestOperation.h; sourceTree = "<group>"; };
		E0D419801B6FCD160062198A /* AFHTTPRequestOperation.m */ = {isa = PBXFileReference; fileEncoding = 4; lastKnownFileType = sourcecode.c.objc; path = AFHTTPRequestOperation.m; sourceTree = "<group>"; };
		E0D419811B6FCD160062198A /* AFImageRequestOperation.h */ = {isa = PBXFileReference; fileEncoding = 4; lastKnownFileType = sourcecode.c.h; path = AFImageRequestOperation.h; sourceTree = "<group>"; };
		E0D419821B6FCD160062198A /* AFImageRequestOperation.m */ = {isa = PBXFileReference; fileEncoding = 4; lastKnownFileType = sourcecode.c.objc; path = AFImageRequestOperation.m; sourceTree = "<group>"; };
		E0D419831B6FCD160062198A /* AFJSONRequestOperation.h */ = {isa = PBXFileReference; fileEncoding = 4; lastKnownFileType = sourcecode.c.h; path = AFJSONRequestOperation.h; sourceTree = "<group>"; };
		E0D419841B6FCD160062198A /* AFJSONRequestOperation.m */ = {isa = PBXFileReference; fileEncoding = 4; lastKnownFileType = sourcecode.c.objc; path = AFJSONRequestOperation.m; sourceTree = "<group>"; };
		E0D419851B6FCD160062198A /* AFNetworkActivityIndicatorManager.h */ = {isa = PBXFileReference; fileEncoding = 4; lastKnownFileType = sourcecode.c.h; path = AFNetworkActivityIndicatorManager.h; sourceTree = "<group>"; };
		E0D419861B6FCD160062198A /* AFNetworkActivityIndicatorManager.m */ = {isa = PBXFileReference; fileEncoding = 4; lastKnownFileType = sourcecode.c.objc; path = AFNetworkActivityIndicatorManager.m; sourceTree = "<group>"; };
		E0D419871B6FCD160062198A /* AFNetworking.h */ = {isa = PBXFileReference; fileEncoding = 4; lastKnownFileType = sourcecode.c.h; path = AFNetworking.h; sourceTree = "<group>"; };
		E0D419881B6FCD160062198A /* AFPropertyListRequestOperation.h */ = {isa = PBXFileReference; fileEncoding = 4; lastKnownFileType = sourcecode.c.h; path = AFPropertyListRequestOperation.h; sourceTree = "<group>"; };
		E0D419891B6FCD160062198A /* AFPropertyListRequestOperation.m */ = {isa = PBXFileReference; fileEncoding = 4; lastKnownFileType = sourcecode.c.objc; path = AFPropertyListRequestOperation.m; sourceTree = "<group>"; };
		E0D4198A1B6FCD160062198A /* AFURLConnectionOperation.h */ = {isa = PBXFileReference; fileEncoding = 4; lastKnownFileType = sourcecode.c.h; path = AFURLConnectionOperation.h; sourceTree = "<group>"; };
		E0D4198B1B6FCD160062198A /* AFURLConnectionOperation.m */ = {isa = PBXFileReference; fileEncoding = 4; lastKnownFileType = sourcecode.c.objc; path = AFURLConnectionOperation.m; sourceTree = "<group>"; };
		E0D4198C1B6FCD160062198A /* AFXMLRequestOperation.h */ = {isa = PBXFileReference; fileEncoding = 4; lastKnownFileType = sourcecode.c.h; path = AFXMLRequestOperation.h; sourceTree = "<group>"; };
		E0D4198D1B6FCD160062198A /* AFXMLRequestOperation.m */ = {isa = PBXFileReference; fileEncoding = 4; lastKnownFileType = sourcecode.c.objc; path = AFXMLRequestOperation.m; sourceTree = "<group>"; };
		E0D4198E1B6FCD160062198A /* UIImageView+AFNetworking.h */ = {isa = PBXFileReference; fileEncoding = 4; lastKnownFileType = sourcecode.c.h; path = "UIImageView+AFNetworking.h"; sourceTree = "<group>"; };
		E0D4198F1B6FCD160062198A /* UIImageView+AFNetworking.m */ = {isa = PBXFileReference; fileEncoding = 4; lastKnownFileType = sourcecode.c.objc; path = "UIImageView+AFNetworking.m"; sourceTree = "<group>"; };
		E0D4199A1B6FCD260062198A /* AFOAuth1Client.h */ = {isa = PBXFileReference; fileEncoding = 4; lastKnownFileType = sourcecode.c.h; path = AFOAuth1Client.h; sourceTree = "<group>"; };
		E0D4199B1B6FCD260062198A /* AFOAuth1Client.m */ = {isa = PBXFileReference; fileEncoding = 4; lastKnownFileType = sourcecode.c.objc; path = AFOAuth1Client.m; sourceTree = "<group>"; };
		E7AD9F3794E85D83BCCAA21F /* Pods.debug.xcconfig */ = {isa = PBXFileReference; includeInIndex = 1; lastKnownFileType = text.xcconfig; name = Pods.debug.xcconfig; path = "Pods/Target Support Files/Pods/Pods.debug.xcconfig"; sourceTree = "<group>"; };
/* End PBXFileReference section */

/* Begin PBXFrameworksBuildPhase section */
		E04938861B61FF5B0039F3F6 /* Frameworks */ = {
			isa = PBXFrameworksBuildPhase;
			buildActionMask = 2147483647;
			files = (
				2319E2E815CA9D9BE0DF0571 /* libPods.a in Frameworks */,
			);
			runOnlyForDeploymentPostprocessing = 0;
		};
		E049389F1B61FF5B0039F3F6 /* Frameworks */ = {
			isa = PBXFrameworksBuildPhase;
			buildActionMask = 2147483647;
			files = (
			);
			runOnlyForDeploymentPostprocessing = 0;
		};
/* End PBXFrameworksBuildPhase section */

/* Begin PBXGroup section */
		640DAED02D548480DFD00A72 /* Pods */ = {
			isa = PBXGroup;
			children = (
				E7AD9F3794E85D83BCCAA21F /* Pods.debug.xcconfig */,
				8B29FED52900203E80E63253 /* Pods.release.xcconfig */,
			);
			name = Pods;
			sourceTree = "<group>";
		};
		BD7B9BCF6CC06F7333A411F3 /* Frameworks */ = {
			isa = PBXGroup;
			children = (
				1399D5D8EBBB2FA6D2D0EF39 /* libPods.a */,
			);
			name = Frameworks;
			sourceTree = "<group>";
		};
		E00C7B6E1B6F3B14007DA072 /* Controller */ = {
			isa = PBXGroup;
			children = (
				E00C7B791B6F3B14007DA072 /* GZTabBarController.h */,
				E00C7B7A1B6F3B14007DA072 /* GZTabBarController.m */,
				E00C7B751B6F3B14007DA072 /* GZNavigationController.h */,
				E00C7B761B6F3B14007DA072 /* GZNavigationController.m */,
			);
			path = Controller;
			sourceTree = "<group>";
		};
		E04938801B61FF5B0039F3F6 = {
			isa = PBXGroup;
			children = (
				E049388B1B61FF5B0039F3F6 /* Beggar */,
				E04938A51B61FF5B0039F3F6 /* BeggarTests */,
				E049388A1B61FF5B0039F3F6 /* Products */,
				640DAED02D548480DFD00A72 /* Pods */,
				BD7B9BCF6CC06F7333A411F3 /* Frameworks */,
			);
			sourceTree = "<group>";
		};
		E049388A1B61FF5B0039F3F6 /* Products */ = {
			isa = PBXGroup;
			children = (
				E04938891B61FF5B0039F3F6 /* Beggar.app */,
				E04938A21B61FF5B0039F3F6 /* BeggarTests.xctest */,
			);
			name = Products;
			sourceTree = "<group>";
		};
		E049388B1B61FF5B0039F3F6 /* Beggar */ = {
			isa = PBXGroup;
			children = (
				E09CB6F91B6EF5BF00D6769F /* Classes */,
				E049388C1B61FF5B0039F3F6 /* Supporting Files */,
			);
			path = Beggar;
			sourceTree = "<group>";
		};
		E049388C1B61FF5B0039F3F6 /* Supporting Files */ = {
			isa = PBXGroup;
			children = (
				E04938991B61FF5B0039F3F6 /* Images.xcassets */,
				E049388D1B61FF5B0039F3F6 /* Info.plist */,
				E09CB73C1B6EFC6500D6769F /* PrefixHeader.pch */,
			);
			name = "Supporting Files";
			sourceTree = "<group>";
		};
		E04938A51B61FF5B0039F3F6 /* BeggarTests */ = {
			isa = PBXGroup;
			children = (
				E04938A81B61FF5B0039F3F6 /* BeggarTests.m */,
				E04938A61B61FF5B0039F3F6 /* Supporting Files */,
			);
			path = BeggarTests;
			sourceTree = "<group>";
		};
		E04938A61B61FF5B0039F3F6 /* Supporting Files */ = {
			isa = PBXGroup;
			children = (
				E04938A71B61FF5B0039F3F6 /* Info.plist */,
			);
			name = "Supporting Files";
			sourceTree = "<group>";
		};
		E075181A1B6FAFB2006A34DD /* Lib */ = {
			isa = PBXGroup;
			children = (
				E0D419991B6FCD260062198A /* AFOAuth1Client */,
				E0D4197C1B6FCD160062198A /* AFNetworking */,
			);
			path = Lib;
			sourceTree = "<group>";
		};
		E07518261B6FB101006A34DD /* Tool */ = {
			isa = PBXGroup;
			children = (
			);
			path = Tool;
			sourceTree = "<group>";
		};
		E09CB6F91B6EF5BF00D6769F /* Classes */ = {
			isa = PBXGroup;
			children = (
				E09CB6FA1B6EF5BF00D6769F /* Compose */,
				E09CB6FF1B6EF5BF00D6769F /* Discover */,
				E09CB7041B6EF5BF00D6769F /* Home */,
				E09CB7091B6EF5BF00D6769F /* Main */,
				E09CB7161B6EF5BF00D6769F /* Message */,
				E09CB71B1B6EF5BF00D6769F /* OAuth */,
				E09CB7201B6EF5BF00D6769F /* Profile */,
			);
			path = Classes;
			sourceTree = "<group>";
		};
		E09CB6FA1B6EF5BF00D6769F /* Compose */ = {
			isa = PBXGroup;
			children = (
				E09CB6FB1B6EF5BF00D6769F /* Controller */,
				E09CB6FC1B6EF5BF00D6769F /* Model */,
				E09CB6FD1B6EF5BF00D6769F /* Tool */,
				E09CB6FE1B6EF5BF00D6769F /* View */,
			);
			path = Compose;
			sourceTree = "<group>";
		};
		E09CB6FB1B6EF5BF00D6769F /* Controller */ = {
			isa = PBXGroup;
			children = (
			);
			path = Controller;
			sourceTree = "<group>";
		};
		E09CB6FC1B6EF5BF00D6769F /* Model */ = {
			isa = PBXGroup;
			children = (
			);
			path = Model;
			sourceTree = "<group>";
		};
		E09CB6FD1B6EF5BF00D6769F /* Tool */ = {
			isa = PBXGroup;
			children = (
			);
			path = Tool;
			sourceTree = "<group>";
		};
		E09CB6FE1B6EF5BF00D6769F /* View */ = {
			isa = PBXGroup;
			children = (
			);
			path = View;
			sourceTree = "<group>";
		};
		E09CB6FF1B6EF5BF00D6769F /* Discover */ = {
			isa = PBXGroup;
			children = (
				E09CB7001B6EF5BF00D6769F /* Controller */,
				E09CB7011B6EF5BF00D6769F /* Model */,
				E09CB7021B6EF5BF00D6769F /* Tool */,
				E09CB7031B6EF5BF00D6769F /* View */,
			);
			path = Discover;
			sourceTree = "<group>";
		};
		E09CB7001B6EF5BF00D6769F /* Controller */ = {
			isa = PBXGroup;
			children = (
				E00C7B901B6F3C81007DA072 /* GZDiscoverViewController.h */,
				E00C7B911B6F3C81007DA072 /* GZDiscoverViewController.m */,
			);
			path = Controller;
			sourceTree = "<group>";
		};
		E09CB7011B6EF5BF00D6769F /* Model */ = {
			isa = PBXGroup;
			children = (
			);
			path = Model;
			sourceTree = "<group>";
		};
		E09CB7021B6EF5BF00D6769F /* Tool */ = {
			isa = PBXGroup;
			children = (
			);
			path = Tool;
			sourceTree = "<group>";
		};
		E09CB7031B6EF5BF00D6769F /* View */ = {
			isa = PBXGroup;
			children = (
			);
			path = View;
			sourceTree = "<group>";
		};
		E09CB7041B6EF5BF00D6769F /* Home */ = {
			isa = PBXGroup;
			children = (
				E09CB7051B6EF5BF00D6769F /* Controller */,
				E09CB7061B6EF5BF00D6769F /* Model */,
				E09CB7071B6EF5BF00D6769F /* Tool */,
				E09CB7081B6EF5BF00D6769F /* View */,
			);
			path = Home;
			sourceTree = "<group>";
		};
		E09CB7051B6EF5BF00D6769F /* Controller */ = {
			isa = PBXGroup;
			children = (
				E00C7B8D1B6F3C0C007DA072 /* GZHomeViewController.h */,
				E00C7B8E1B6F3C0C007DA072 /* GZHomeViewController.m */,
			);
			path = Controller;
			sourceTree = "<group>";
		};
		E09CB7061B6EF5BF00D6769F /* Model */ = {
			isa = PBXGroup;
			children = (
			);
			path = Model;
			sourceTree = "<group>";
		};
		E09CB7071B6EF5BF00D6769F /* Tool */ = {
			isa = PBXGroup;
			children = (
			);
			path = Tool;
			sourceTree = "<group>";
		};
		E09CB7081B6EF5BF00D6769F /* View */ = {
			isa = PBXGroup;
			children = (
			);
			path = View;
			sourceTree = "<group>";
		};
		E09CB7091B6EF5BF00D6769F /* Main */ = {
			isa = PBXGroup;
			children = (
				E075181A1B6FAFB2006A34DD /* Lib */,
				E00C7B6E1B6F3B14007DA072 /* Controller */,
				E09CB70A1B6EF5BF00D6769F /* Category */,
				E09CB70F1B6EF5BF00D6769F /* Model */,
				E09CB7101B6EF5BF00D6769F /* Other */,
				E09CB7141B6EF5BF00D6769F /* Tool */,
				E09CB7151B6EF5BF00D6769F /* View */,
			);
			path = Main;
			sourceTree = "<group>";
		};
		E09CB70A1B6EF5BF00D6769F /* Category */ = {
			isa = PBXGroup;
			children = (
				E09CB7281B6EFC2700D6769F /* Foundation+Log.m */,
				E09CB7291B6EFC2700D6769F /* NSDate+Extension.h */,
				E09CB72A1B6EFC2700D6769F /* NSDate+Extension.m */,
				E09CB72B1B6EFC2700D6769F /* NSString+Extension.h */,
				E09CB72C1B6EFC2700D6769F /* NSString+Extension.m */,
				E09CB72D1B6EFC2700D6769F /* UIBarButtonItem+extension.h */,
				E09CB72E1B6EFC2700D6769F /* UIBarButtonItem+extension.m */,
				E09CB72F1B6EFC2700D6769F /* UITextView+Extension.h */,
				E09CB7301B6EFC2700D6769F /* UITextView+Extension.m */,
				E09CB7311B6EFC2700D6769F /* UIView+extension.h */,
				E09CB7321B6EFC2700D6769F /* UIView+extension.m */,
				E09CB7331B6EFC2700D6769F /* UIWindow+Extension.h */,
				E09CB7341B6EFC2700D6769F /* UIWindow+Extension.m */,
				E00C7B681B6F2075007DA072 /* UIImage+Extension.h */,
				E00C7B691B6F2075007DA072 /* UIImage+Extension.m */,
			);
			path = Category;
			sourceTree = "<group>";
		};
		E09CB70F1B6EF5BF00D6769F /* Model */ = {
			isa = PBXGroup;
			children = (
			);
			path = Model;
			sourceTree = "<group>";
		};
		E09CB7101B6EF5BF00D6769F /* Other */ = {
			isa = PBXGroup;
			children = (
				E09CB7111B6EF5BF00D6769F /* AppDelegate.h */,
				E09CB7121B6EF5BF00D6769F /* AppDelegate.m */,
				E09CB7131B6EF5BF00D6769F /* main.m */,
			);
			path = Other;
			sourceTree = "<group>";
		};
		E09CB7141B6EF5BF00D6769F /* Tool */ = {
			isa = PBXGroup;
			children = (
				E00C7BEA1B6F647B007DA072 /* GZHttpTool.h */,
				E00C7BEB1B6F647B007DA072 /* GZHttpTool.m */,
			);
			path = Tool;
			sourceTree = "<group>";
		};
		E09CB7151B6EF5BF00D6769F /* View */ = {
			isa = PBXGroup;
			children = (
				E00C7B601B6F0976007DA072 /* GZLeftMenu.h */,
				E00C7B611B6F0976007DA072 /* GZLeftMenu.m */,
				E00C7B641B6F1E68007DA072 /* GZLeftMenuButton.h */,
				E00C7B651B6F1E68007DA072 /* GZLeftMenuButton.m */,
			);
			path = View;
			sourceTree = "<group>";
		};
		E09CB7161B6EF5BF00D6769F /* Message */ = {
			isa = PBXGroup;
			children = (
				E09CB7171B6EF5BF00D6769F /* Controller */,
				E09CB7181B6EF5BF00D6769F /* Model */,
				E09CB7191B6EF5BF00D6769F /* Tool */,
				E09CB71A1B6EF5BF00D6769F /* View */,
			);
			path = Message;
			sourceTree = "<group>";
		};
		E09CB7171B6EF5BF00D6769F /* Controller */ = {
			isa = PBXGroup;
			children = (
				E00C7B961B6F3CAB007DA072 /* GZMessageViewController.h */,
				E00C7B971B6F3CAB007DA072 /* GZMessageViewController.m */,
			);
			path = Controller;
			sourceTree = "<group>";
		};
		E09CB7181B6EF5BF00D6769F /* Model */ = {
			isa = PBXGroup;
			children = (
			);
			path = Model;
			sourceTree = "<group>";
		};
		E09CB7191B6EF5BF00D6769F /* Tool */ = {
			isa = PBXGroup;
			children = (
			);
			path = Tool;
			sourceTree = "<group>";
		};
		E09CB71A1B6EF5BF00D6769F /* View */ = {
			isa = PBXGroup;
			children = (
			);
			path = View;
			sourceTree = "<group>";
		};
		E09CB71B1B6EF5BF00D6769F /* OAuth */ = {
			isa = PBXGroup;
			children = (
				E09CB71C1B6EF5BF00D6769F /* Controller */,
				E09CB71D1B6EF5BF00D6769F /* Model */,
				E07518261B6FB101006A34DD /* Tool */,
				E09CB71F1B6EF5BF00D6769F /* View */,
			);
			path = OAuth;
			sourceTree = "<group>";
		};
		E09CB71C1B6EF5BF00D6769F /* Controller */ = {
			isa = PBXGroup;
			children = (
				E00C7BE71B6F6429007DA072 /* GZOAuthViewController.h */,
				E00C7BE81B6F6429007DA072 /* GZOAuthViewController.m */,
			);
			path = Controller;
			sourceTree = "<group>";
		};
		E09CB71D1B6EF5BF00D6769F /* Model */ = {
			isa = PBXGroup;
			children = (
			);
			path = Model;
			sourceTree = "<group>";
		};
		E09CB71F1B6EF5BF00D6769F /* View */ = {
			isa = PBXGroup;
			children = (
			);
			path = View;
			sourceTree = "<group>";
		};
		E09CB7201B6EF5BF00D6769F /* Profile */ = {
			isa = PBXGroup;
			children = (
				E09CB7211B6EF5BF00D6769F /* Controller */,
				E09CB7221B6EF5BF00D6769F /* Model */,
				E09CB7231B6EF5BF00D6769F /* Tool */,
				E09CB7241B6EF5BF00D6769F /* View */,
			);
			path = Profile;
			sourceTree = "<group>";
		};
		E09CB7211B6EF5BF00D6769F /* Controller */ = {
			isa = PBXGroup;
			children = (
				E00C7B931B6F3C92007DA072 /* GZProfileViewController.h */,
				E00C7B941B6F3C92007DA072 /* GZProfileViewController.m */,
			);
			path = Controller;
			sourceTree = "<group>";
		};
		E09CB7221B6EF5BF00D6769F /* Model */ = {
			isa = PBXGroup;
			children = (
			);
			path = Model;
			sourceTree = "<group>";
		};
		E09CB7231B6EF5BF00D6769F /* Tool */ = {
			isa = PBXGroup;
			children = (
			);
			path = Tool;
			sourceTree = "<group>";
		};
		E09CB7241B6EF5BF00D6769F /* View */ = {
			isa = PBXGroup;
			children = (
			);
			path = View;
			sourceTree = "<group>";
		};
		E0D4197C1B6FCD160062198A /* AFNetworking */ = {
			isa = PBXGroup;
			children = (
				E0D4197D1B6FCD160062198A /* AFHTTPClient.h */,
				E0D4197E1B6FCD160062198A /* AFHTTPClient.m */,
				E0D4197F1B6FCD160062198A /* AFHTTPRequestOperation.h */,
				E0D419801B6FCD160062198A /* AFHTTPRequestOperation.m */,
				E0D419811B6FCD160062198A /* AFImageRequestOperation.h */,
				E0D419821B6FCD160062198A /* AFImageRequestOperation.m */,
				E0D419831B6FCD160062198A /* AFJSONRequestOperation.h */,
				E0D419841B6FCD160062198A /* AFJSONRequestOperation.m */,
				E0D419851B6FCD160062198A /* AFNetworkActivityIndicatorManager.h */,
				E0D419861B6FCD160062198A /* AFNetworkActivityIndicatorManager.m */,
				E0D419871B6FCD160062198A /* AFNetworking.h */,
				E0D419881B6FCD160062198A /* AFPropertyListRequestOperation.h */,
				E0D419891B6FCD160062198A /* AFPropertyListRequestOperation.m */,
				E0D4198A1B6FCD160062198A /* AFURLConnectionOperation.h */,
				E0D4198B1B6FCD160062198A /* AFURLConnectionOperation.m */,
				E0D4198C1B6FCD160062198A /* AFXMLRequestOperation.h */,
				E0D4198D1B6FCD160062198A /* AFXMLRequestOperation.m */,
				E0D4198E1B6FCD160062198A /* UIImageView+AFNetworking.h */,
				E0D4198F1B6FCD160062198A /* UIImageView+AFNetworking.m */,
			);
			path = AFNetworking;
			sourceTree = "<group>";
		};
		E0D419991B6FCD260062198A /* AFOAuth1Client */ = {
			isa = PBXGroup;
			children = (
				E0D4199A1B6FCD260062198A /* AFOAuth1Client.h */,
				E0D4199B1B6FCD260062198A /* AFOAuth1Client.m */,
			);
			path = AFOAuth1Client;
			sourceTree = "<group>";
		};
/* End PBXGroup section */

/* Begin PBXNativeTarget section */
		E04938881B61FF5B0039F3F6 /* Beggar */ = {
			isa = PBXNativeTarget;
			buildConfigurationList = E04938AC1B61FF5B0039F3F6 /* Build configuration list for PBXNativeTarget "Beggar" */;
			buildPhases = (
				D52D0D0DB07C3328F6637C77 /* Check Pods Manifest.lock */,
				E04938851B61FF5B0039F3F6 /* Sources */,
				E04938861B61FF5B0039F3F6 /* Frameworks */,
				E04938871B61FF5B0039F3F6 /* Resources */,
				46818C5BE925E28590832DF3 /* Copy Pods Resources */,
			);
			buildRules = (
			);
			dependencies = (
			);
			name = Beggar;
			productName = Beggar;
			productReference = E04938891B61FF5B0039F3F6 /* Beggar.app */;
			productType = "com.apple.product-type.application";
		};
		E04938A11B61FF5B0039F3F6 /* BeggarTests */ = {
			isa = PBXNativeTarget;
			buildConfigurationList = E04938AF1B61FF5B0039F3F6 /* Build configuration list for PBXNativeTarget "BeggarTests" */;
			buildPhases = (
				E049389E1B61FF5B0039F3F6 /* Sources */,
				E049389F1B61FF5B0039F3F6 /* Frameworks */,
				E04938A01B61FF5B0039F3F6 /* Resources */,
			);
			buildRules = (
			);
			dependencies = (
				E04938A41B61FF5B0039F3F6 /* PBXTargetDependency */,
			);
			name = BeggarTests;
			productName = BeggarTests;
			productReference = E04938A21B61FF5B0039F3F6 /* BeggarTests.xctest */;
			productType = "com.apple.product-type.bundle.unit-test";
		};
/* End PBXNativeTarget section */

/* Begin PBXProject section */
		E04938811B61FF5B0039F3F6 /* Project object */ = {
			isa = PBXProject;
			attributes = {
				CLASSPREFIX = GZ;
				LastUpgradeCheck = 0640;
				ORGANIZATIONNAME = GanZhen;
				TargetAttributes = {
					E04938881B61FF5B0039F3F6 = {
						CreatedOnToolsVersion = 6.4;
					};
					E04938A11B61FF5B0039F3F6 = {
						CreatedOnToolsVersion = 6.4;
						TestTargetID = E04938881B61FF5B0039F3F6;
					};
				};
			};
			buildConfigurationList = E04938841B61FF5B0039F3F6 /* Build configuration list for PBXProject "Beggar" */;
			compatibilityVersion = "Xcode 3.2";
			developmentRegion = English;
			hasScannedForEncodings = 0;
			knownRegions = (
				en,
				Base,
			);
			mainGroup = E04938801B61FF5B0039F3F6;
			productRefGroup = E049388A1B61FF5B0039F3F6 /* Products */;
			projectDirPath = "";
			projectRoot = "";
			targets = (
				E04938881B61FF5B0039F3F6 /* Beggar */,
				E04938A11B61FF5B0039F3F6 /* BeggarTests */,
			);
		};
/* End PBXProject section */

/* Begin PBXResourcesBuildPhase section */
		E04938871B61FF5B0039F3F6 /* Resources */ = {
			isa = PBXResourcesBuildPhase;
			buildActionMask = 2147483647;
			files = (
				E049389A1B61FF5B0039F3F6 /* Images.xcassets in Resources */,
			);
			runOnlyForDeploymentPostprocessing = 0;
		};
		E04938A01B61FF5B0039F3F6 /* Resources */ = {
			isa = PBXResourcesBuildPhase;
			buildActionMask = 2147483647;
			files = (
			);
			runOnlyForDeploymentPostprocessing = 0;
		};
/* End PBXResourcesBuildPhase section */

/* Begin PBXShellScriptBuildPhase section */
		46818C5BE925E28590832DF3 /* Copy Pods Resources */ = {
			isa = PBXShellScriptBuildPhase;
			buildActionMask = 2147483647;
			files = (
			);
			inputPaths = (
			);
			name = "Copy Pods Resources";
			outputPaths = (
			);
			runOnlyForDeploymentPostprocessing = 0;
			shellPath = /bin/sh;
			shellScript = "\"${SRCROOT}/Pods/Target Support Files/Pods/Pods-resources.sh\"\n";
			showEnvVarsInLog = 0;
		};
		D52D0D0DB07C3328F6637C77 /* Check Pods Manifest.lock */ = {
			isa = PBXShellScriptBuildPhase;
			buildActionMask = 2147483647;
			files = (
			);
			inputPaths = (
			);
			name = "Check Pods Manifest.lock";
			outputPaths = (
			);
			runOnlyForDeploymentPostprocessing = 0;
			shellPath = /bin/sh;
			shellScript = "diff \"${PODS_ROOT}/../Podfile.lock\" \"${PODS_ROOT}/Manifest.lock\" > /dev/null\nif [[ $? != 0 ]] ; then\n    cat << EOM\nerror: The sandbox is not in sync with the Podfile.lock. Run 'pod install' or update your CocoaPods installation.\nEOM\n    exit 1\nfi\n";
			showEnvVarsInLog = 0;
		};
/* End PBXShellScriptBuildPhase section */

/* Begin PBXSourcesBuildPhase section */
		E04938851B61FF5B0039F3F6 /* Sources */ = {
			isa = PBXSourcesBuildPhase;
			buildActionMask = 2147483647;
			files = (
				E00C7B8F1B6F3C0C007DA072 /* GZHomeViewController.m in Sources */,
				E09CB7261B6EF5BF00D6769F /* AppDelegate.m in Sources */,
				E00C7BEC1B6F647B007DA072 /* GZHttpTool.m in Sources */,
				E09CB73B1B6EFC2700D6769F /* UIWindow+Extension.m in Sources */,
				E0D419961B6FCD160062198A /* AFURLConnectionOperation.m in Sources */,
				E00C7B6A1B6F2075007DA072 /* UIImage+Extension.m in Sources */,
				E0D419981B6FCD160062198A /* UIImageView+AFNetworking.m in Sources */,
				E0D419901B6FCD160062198A /* AFHTTPClient.m in Sources */,
				E00C7BE91B6F6429007DA072 /* GZOAuthViewController.m in Sources */,
				E0D4199C1B6FCD260062198A /* AFOAuth1Client.m in Sources */,
				E09CB7381B6EFC2700D6769F /* UIBarButtonItem+extension.m in Sources */,
				E00C7B951B6F3C92007DA072 /* GZProfileViewController.m in Sources */,
				E09CB7371B6EFC2700D6769F /* NSString+Extension.m in Sources */,
				E0D419911B6FCD160062198A /* AFHTTPRequestOperation.m in Sources */,
				E09CB7361B6EFC2700D6769F /* NSDate+Extension.m in Sources */,
				E0D419951B6FCD160062198A /* AFPropertyListRequestOperation.m in Sources */,
				E0D419921B6FCD160062198A /* AFImageRequestOperation.m in Sources */,
				E00C7B921B6F3C81007DA072 /* GZDiscoverViewController.m in Sources */,
				E0D419931B6FCD160062198A /* AFJSONRequestOperation.m in Sources */,
				E00C7B801B6F3B14007DA072 /* GZTabBarController.m in Sources */,
				E00C7B7E1B6F3B14007DA072 /* GZNavigationController.m in Sources */,
				E00C7B621B6F0976007DA072 /* GZLeftMenu.m in Sources */,
				E0D419971B6FCD160062198A /* AFXMLRequestOperation.m in Sources */,
				E09CB7271B6EF5BF00D6769F /* main.m in Sources */,
				E09CB7351B6EFC2700D6769F /* Foundation+Log.m in Sources */,
				E00C7B661B6F1E68007DA072 /* GZLeftMenuButton.m in Sources */,
				E00C7B981B6F3CAB007DA072 /* GZMessageViewController.m in Sources */,
				E09CB7391B6EFC2700D6769F /* UITextView+Extension.m in Sources */,
				E09CB73A1B6EFC2700D6769F /* UIView+extension.m in Sources */,
				E0D419941B6FCD160062198A /* AFNetworkActivityIndicatorManager.m in Sources */,
			);
			runOnlyForDeploymentPostprocessing = 0;
		};
		E049389E1B61FF5B0039F3F6 /* Sources */ = {
			isa = PBXSourcesBuildPhase;
			buildActionMask = 2147483647;
			files = (
				E04938A91B61FF5B0039F3F6 /* BeggarTests.m in Sources */,
			);
			runOnlyForDeploymentPostprocessing = 0;
		};
/* End PBXSourcesBuildPhase section */

/* Begin PBXTargetDependency section */
		E04938A41B61FF5B0039F3F6 /* PBXTargetDependency */ = {
			isa = PBXTargetDependency;
			target = E04938881B61FF5B0039F3F6 /* Beggar */;
			targetProxy = E04938A31B61FF5B0039F3F6 /* PBXContainerItemProxy */;
		};
/* End PBXTargetDependency section */

/* Begin XCBuildConfiguration section */
		E04938AA1B61FF5B0039F3F6 /* Debug */ = {
			isa = XCBuildConfiguration;
			buildSettings = {
				ALWAYS_SEARCH_USER_PATHS = NO;
				CLANG_CXX_LANGUAGE_STANDARD = "gnu++0x";
				CLANG_CXX_LIBRARY = "libc++";
				CLANG_ENABLE_MODULES = YES;
				CLANG_ENABLE_OBJC_ARC = YES;
				CLANG_WARN_BOOL_CONVERSION = YES;
				CLANG_WARN_CONSTANT_CONVERSION = YES;
				CLANG_WARN_DIRECT_OBJC_ISA_USAGE = YES_ERROR;
				CLANG_WARN_EMPTY_BODY = YES;
				CLANG_WARN_ENUM_CONVERSION = YES;
				CLANG_WARN_INT_CONVERSION = YES;
				CLANG_WARN_OBJC_ROOT_CLASS = YES_ERROR;
				CLANG_WARN_UNREACHABLE_CODE = YES;
				CLANG_WARN__DUPLICATE_METHOD_MATCH = YES;
				"CODE_SIGN_IDENTITY[sdk=iphoneos*]" = "iPhone Developer";
				COPY_PHASE_STRIP = NO;
				DEBUG_INFORMATION_FORMAT = "dwarf-with-dsym";
				ENABLE_STRICT_OBJC_MSGSEND = YES;
				GCC_C_LANGUAGE_STANDARD = gnu99;
				GCC_DYNAMIC_NO_PIC = NO;
				GCC_NO_COMMON_BLOCKS = YES;
				GCC_OPTIMIZATION_LEVEL = 0;
				GCC_PRECOMPILE_PREFIX_HEADER = NO;
				GCC_PREFIX_HEADER = Beggar/PrefixHeader.pch;
				GCC_PREPROCESSOR_DEFINITIONS = (
					"DEBUG=1",
					"$(inherited)",
				);
				GCC_SYMBOLS_PRIVATE_EXTERN = NO;
				GCC_WARN_64_TO_32_BIT_CONVERSION = YES;
				GCC_WARN_ABOUT_RETURN_TYPE = YES_ERROR;
				GCC_WARN_UNDECLARED_SELECTOR = YES;
				GCC_WARN_UNINITIALIZED_AUTOS = YES_AGGRESSIVE;
				GCC_WARN_UNUSED_FUNCTION = YES;
				GCC_WARN_UNUSED_VARIABLE = YES;
				IPHONEOS_DEPLOYMENT_TARGET = 8.4;
				MTL_ENABLE_DEBUG_INFO = YES;
				ONLY_ACTIVE_ARCH = YES;
				SDKROOT = iphoneos;
			};
			name = Debug;
		};
		E04938AB1B61FF5B0039F3F6 /* Release */ = {
			isa = XCBuildConfiguration;
			buildSettings = {
				ALWAYS_SEARCH_USER_PATHS = NO;
				CLANG_CXX_LANGUAGE_STANDARD = "gnu++0x";
				CLANG_CXX_LIBRARY = "libc++";
				CLANG_ENABLE_MODULES = YES;
				CLANG_ENABLE_OBJC_ARC = YES;
				CLANG_WARN_BOOL_CONVERSION = YES;
				CLANG_WARN_CONSTANT_CONVERSION = YES;
				CLANG_WARN_DIRECT_OBJC_ISA_USAGE = YES_ERROR;
				CLANG_WARN_EMPTY_BODY = YES;
				CLANG_WARN_ENUM_CONVERSION = YES;
				CLANG_WARN_INT_CONVERSION = YES;
				CLANG_WARN_OBJC_ROOT_CLASS = YES_ERROR;
				CLANG_WARN_UNREACHABLE_CODE = YES;
				CLANG_WARN__DUPLICATE_METHOD_MATCH = YES;
				"CODE_SIGN_IDENTITY[sdk=iphoneos*]" = "iPhone Developer";
				COPY_PHASE_STRIP = NO;
				DEBUG_INFORMATION_FORMAT = "dwarf-with-dsym";
				ENABLE_NS_ASSERTIONS = NO;
				ENABLE_STRICT_OBJC_MSGSEND = YES;
				GCC_C_LANGUAGE_STANDARD = gnu99;
				GCC_NO_COMMON_BLOCKS = YES;
				GCC_PRECOMPILE_PREFIX_HEADER = NO;
				GCC_PREFIX_HEADER = Beggar/PrefixHeader.pch;
				GCC_WARN_64_TO_32_BIT_CONVERSION = YES;
				GCC_WARN_ABOUT_RETURN_TYPE = YES_ERROR;
				GCC_WARN_UNDECLARED_SELECTOR = YES;
				GCC_WARN_UNINITIALIZED_AUTOS = YES_AGGRESSIVE;
				GCC_WARN_UNUSED_FUNCTION = YES;
				GCC_WARN_UNUSED_VARIABLE = YES;
				IPHONEOS_DEPLOYMENT_TARGET = 8.4;
				MTL_ENABLE_DEBUG_INFO = NO;
				SDKROOT = iphoneos;
				VALIDATE_PRODUCT = YES;
			};
			name = Release;
		};
		E04938AD1B61FF5B0039F3F6 /* Debug */ = {
			isa = XCBuildConfiguration;
			baseConfigurationReference = E7AD9F3794E85D83BCCAA21F /* Pods.debug.xcconfig */;
			buildSettings = {
				ASSETCATALOG_COMPILER_APPICON_NAME = AppIcon;
				ASSETCATALOG_COMPILER_LAUNCHIMAGE_NAME = LaunchImage;
				INFOPLIST_FILE = Beggar/Info.plist;
				IPHONEOS_DEPLOYMENT_TARGET = 7.0;
				LD_RUNPATH_SEARCH_PATHS = "$(inherited) @executable_path/Frameworks";
				PRODUCT_NAME = "$(TARGET_NAME)";
			};
			name = Debug;
		};
		E04938AE1B61FF5B0039F3F6 /* Release */ = {
			isa = XCBuildConfiguration;
			baseConfigurationReference = 8B29FED52900203E80E63253 /* Pods.release.xcconfig */;
			buildSettings = {
				ASSETCATALOG_COMPILER_APPICON_NAME = AppIcon;
				ASSETCATALOG_COMPILER_LAUNCHIMAGE_NAME = LaunchImage;
				INFOPLIST_FILE = Beggar/Info.plist;
				IPHONEOS_DEPLOYMENT_TARGET = 7.0;
				LD_RUNPATH_SEARCH_PATHS = "$(inherited) @executable_path/Frameworks";
				PRODUCT_NAME = "$(TARGET_NAME)";
			};
			name = Release;
		};
		E04938B01B61FF5B0039F3F6 /* Debug */ = {
			isa = XCBuildConfiguration;
			buildSettings = {
				BUNDLE_LOADER = "$(TEST_HOST)";
				FRAMEWORK_SEARCH_PATHS = (
					"$(SDKROOT)/Developer/Library/Frameworks",
					"$(inherited)",
				);
				GCC_PREPROCESSOR_DEFINITIONS = (
					"DEBUG=1",
					"$(inherited)",
				);
				INFOPLIST_FILE = BeggarTests/Info.plist;
				LD_RUNPATH_SEARCH_PATHS = "$(inherited) @executable_path/Frameworks @loader_path/Frameworks";
				PRODUCT_NAME = "$(TARGET_NAME)";
				TEST_HOST = "$(BUILT_PRODUCTS_DIR)/Beggar.app/Beggar";
			};
			name = Debug;
		};
		E04938B11B61FF5B0039F3F6 /* Release */ = {
			isa = XCBuildConfiguration;
			buildSettings = {
				BUNDLE_LOADER = "$(TEST_HOST)";
				FRAMEWORK_SEARCH_PATHS = (
					"$(SDKROOT)/Developer/Library/Frameworks",
					"$(inherited)",
				);
				INFOPLIST_FILE = BeggarTests/Info.plist;
				LD_RUNPATH_SEARCH_PATHS = "$(inherited) @executable_path/Frameworks @loader_path/Frameworks";
				PRODUCT_NAME = "$(TARGET_NAME)";
				TEST_HOST = "$(BUILT_PRODUCTS_DIR)/Beggar.app/Beggar";
			};
			name = Release;
		};
/* End XCBuildConfiguration section */

/* Begin XCConfigurationList section */
		E04938841B61FF5B0039F3F6 /* Build configuration list for PBXProject "Beggar" */ = {
			isa = XCConfigurationList;
			buildConfigurations = (
				E04938AA1B61FF5B0039F3F6 /* Debug */,
				E04938AB1B61FF5B0039F3F6 /* Release */,
			);
			defaultConfigurationIsVisible = 0;
			defaultConfigurationName = Release;
		};
		E04938AC1B61FF5B0039F3F6 /* Build configuration list for PBXNativeTarget "Beggar" */ = {
			isa = XCConfigurationList;
			buildConfigurations = (
				E04938AD1B61FF5B0039F3F6 /* Debug */,
				E04938AE1B61FF5B0039F3F6 /* Release */,
			);
			defaultConfigurationIsVisible = 0;
			defaultConfigurationName = Release;
		};
		E04938AF1B61FF5B0039F3F6 /* Build configuration list for PBXNativeTarget "BeggarTests" */ = {
			isa = XCConfigurationList;
			buildConfigurations = (
				E04938B01B61FF5B0039F3F6 /* Debug */,
				E04938B11B61FF5B0039F3F6 /* Release */,
			);
			defaultConfigurationIsVisible = 0;
			defaultConfigurationName = Release;
		};
/* End XCConfigurationList section */
	};
	rootObject = E04938811B61FF5B0039F3F6 /* Project object */;
}
