PODS:
  - FMDB (2.5):
    - FMDB/standard (= 2.5)
  - FMDB/common (2.5)
  - FMDB/standard (2.5):
    - FMDB/common
  - Mantle (2.0.2):
    - Mantle/extobjc (= 2.0.2)
  - Mantle/extobjc (2.0.2)
  - MJExtension (2.5.2)
  - MJRefresh (2.3.2)
  - SDWebImage (3.7.3):
    - SDWebImage/Core (= 3.7.3)
  - SDWebImage/Core (3.7.3)
  - SVProgressHUD (1.1.3)

DEPENDENCIES:
  - FMDB
  - Mantle
  - MJExtension
  - MJRefresh
  - SDWebImage
  - SVProgressHUD

SPEC CHECKSUMS:
  FMDB: 96e8f1bcc1329e269330f99770ad4285d9003e52
  Mantle: 967fd31ea0220890b2e76589198996b534bb3fb1
  MJExtension: 73e812aca0846e4a7b4d7aca34cfacf48d1f3310
  MJRefresh: 0f6f5e8387970607c26080b44058b229a23065d7
  SDWebImage: 1d2b1a1efda1ade1b00b6f8498865f8ddedc8a84
  SVProgressHUD: 748080e4f36e603f6c02aec292664239df5279c1

COCOAPODS: 0.38.2
